
Microsoft Visual Studio Solution File, Format Version 12.00
# Visual Studio Version 17
VisualStudioVersion = 17.7.34221.43
MinimumVisualStudioVersion = 10.0.40219.1
Project("{9A19103F-16F7-4668-BE54-9A1E7A4F7556}") = "Project_5010", "Project_5010.csproj", "{637B4146-6F99-42A4-80C1-D697D1DE7D9E}"
EndProject
Global
	GlobalSection(SolutionConfigurationPlatforms) = preSolution
		Debug|Any CPU = Debug|Any CPU
		Release|Any CPU = Release|Any CPU
	EndGlobalSection
	GlobalSection(ProjectConfigurationPlatforms) = postSolution
		{637B4146-6F99-42A4-80C1-D697D1DE7D9E}.Debug|Any CPU.ActiveCfg = Debug|Any CPU
		{637B4146-6F99-42A4-80C1-D697D1DE7D9E}.Debug|Any CPU.Build.0 = Debug|Any CPU
		{637B4146-6F99-42A4-80C1-D697D1DE7D9E}.Release|Any CPU.ActiveCfg = Release|Any CPU
		{637B4146-6F99-42A4-80C1-D697D1DE7D9E}.Release|Any CPU.Build.0 = Release|Any CPU
	EndGlobalSection
	GlobalSection(SolutionProperties) = preSolution
		HideSolutionNode = FALSE
	EndGlobalSection
	GlobalSection(ExtensibilityGlobals) = postSolution
		SolutionGuid = {7998ACAC-2599-4B40-9685-4D7FF3F2AFA7}
	EndGlobalSection
EndGlobal
